
Microsoft Visual Studio Solution File, Format Version 12.00
# Visual Studio Version 17
VisualStudioVersion = 17.2.32602.215
MinimumVisualStudioVersion = 10.0.40219.1
Project("{FAE04EC0-301F-11D3-BF4B-00C04F79EFBC}") = "API_schedule", "API_schedule\API_schedule.csproj", "{3B7C8445-91FE-4885-8890-25F557C3FD17}"
EndProject
Global
	GlobalSection(SolutionConfigurationPlatforms) = preSolution
		Debug|Any CPU = Debug|Any CPU
		Release|Any CPU = Release|Any CPU
	EndGlobalSection
	GlobalSection(ProjectConfigurationPlatforms) = postSolution
		{3B7C8445-91FE-4885-8890-25F557C3FD17}.Debug|Any CPU.ActiveCfg = Debug|Any CPU
		{3B7C8445-91FE-4885-8890-25F557C3FD17}.Debug|Any CPU.Build.0 = Debug|Any CPU
		{3B7C8445-91FE-4885-8890-25F557C3FD17}.Release|Any CPU.ActiveCfg = Release|Any CPU
		{3B7C8445-91FE-4885-8890-25F557C3FD17}.Release|Any CPU.Build.0 = Release|Any CPU
	EndGlobalSection
	GlobalSection(SolutionProperties) = preSolution
		HideSolutionNode = FALSE
	EndGlobalSection
	GlobalSection(ExtensibilityGlobals) = postSolution
		SolutionGuid = {69C0EBA0-2773-40E4-9B93-DF2BA1D704D1}
	EndGlobalSection
EndGlobal
